{
    "_readme": [
        "This file locks the dependencies of your project to a known state",
        "Read more about it at https://getcomposer.org/doc/01-basic-usage.md#installing-dependencies",
        "This file is @generated automatically"
    ],
    "content-hash": "1df94320608a1d8cb8076fa24c6bb2d1",
    "packages": [
        {
            "name": "minicli/minicli",
            "version": "2.2.0",
            "source": {
                "type": "git",
                "url": "https://github.com/minicli/minicli.git",
                "reference": "6ba44bf3d27cb062a499a0d0d4368e13db17837a"
            },
            "dist": {
                "type": "zip",
                "url": "https://api.github.com/repos/minicli/minicli/zipball/6ba44bf3d27cb062a499a0d0d4368e13db17837a",
                "reference": "6ba44bf3d27cb062a499a0d0d4368e13db17837a",
                "shasum": ""
            },
            "require": {
                "ext-readline": "*",
                "php": ">=7.3"
            },
            "require-dev": {
                "friendsofphp/php-cs-fixer": "^2.16",
                "pestphp/pest": "^1.0",
                "phpunit/phpunit": "^9.0"
            },
            "type": "library",
            "autoload": {
                "psr-4": {
                    "Minicli\\": "src/",
                    "Assets\\": "tests/Assets"
                }
            },
            "notification-url": "https://packagist.org/downloads/",
            "license": [
                "MIT"
            ],
            "description": "Experimental micro CLI framework for PHP",
            "homepage": "https://github.com/minicli/minicli",
            "keywords": [
                "cli",
                "command-line"
            ],
            "support": {
                "issues": "https://github.com/minicli/minicli/issues",
                "source": "https://github.com/minicli/minicli/tree/2.2.0"
            },
            "funding": [
                {
                    "url": "https://github.com/erikaheidi",
                    "type": "github"
                }
            ],
            "time": "2021-03-04T16:39:23+00:00"
        }
    ],
    "packages-dev": [],
    "aliases": [],
    "minimum-stability": "stable",
    "stability-flags": [],
    "prefer-stable": false,
    "prefer-lowest": false,
    "platform": [],
    "platform-dev": [],
    "plugin-api-version": "2.0.0"
}
